
Microsoft Visual Studio Solution File, Format Version 12.00
# Visual Studio Version 16
VisualStudioVersion = 16.0.29920.165
MinimumVisualStudioVersion = 10.0.40219.1
Project("{8BC9CEB8-8B4A-11D0-8D11-00A0C91BC942}") = "EditImage", "EditImage\EditImage.vcxproj", "{6BAA7549-905D-4FE7-B537-12B0057590E2}"
EndProject
Global
	GlobalSection(SolutionConfigurationPlatforms) = preSolution
		Debug|x64 = Debug|x64
		Debug|x86 = Debug|x86
		Release|x64 = Release|x64
		Release|x86 = Release|x86
	EndGlobalSection
	GlobalSection(ProjectConfigurationPlatforms) = postSolution
		{6BAA7549-905D-4FE7-B537-12B0057590E2}.Debug|x64.ActiveCfg = Debug|x64
		{6BAA7549-905D-4FE7-B537-12B0057590E2}.Debug|x64.Build.0 = Debug|x64
		{6BAA7549-905D-4FE7-B537-12B0057590E2}.Debug|x86.ActiveCfg = Debug|Win32
		{6BAA7549-905D-4FE7-B537-12B0057590E2}.Debug|x86.Build.0 = Debug|Win32
		{6BAA7549-905D-4FE7-B537-12B0057590E2}.Release|x64.ActiveCfg = Release|x64
		{6BAA7549-905D-4FE7-B537-12B0057590E2}.Release|x64.Build.0 = Release|x64
		{6BAA7549-905D-4FE7-B537-12B0057590E2}.Release|x86.ActiveCfg = Release|Win32
		{6BAA7549-905D-4FE7-B537-12B0057590E2}.Release|x86.Build.0 = Release|Win32
	EndGlobalSection
	GlobalSection(SolutionProperties) = preSolution
		HideSolutionNode = FALSE
	EndGlobalSection
	GlobalSection(ExtensibilityGlobals) = postSolution
		SolutionGuid = {B9330F10-3B44-446A-8215-4DC5CC6A0F74}
	EndGlobalSection
EndGlobal
